
Microsoft Visual Studio Solution File, Format Version 12.00
# Visual Studio Version 17
VisualStudioVersion = 17.14.36408.4 d17.14
MinimumVisualStudioVersion = 10.0.40219.1
Project("{FAE04EC0-301F-11D3-BF4B-00C04F79EFBC}") = "TravelAgency", "TravelAgency.csproj", "{83C66C44-A309-4729-0739-F01DB27DED13}"
EndProject
Global
	GlobalSection(SolutionConfigurationPlatforms) = preSolution
		Debug|Any CPU = Debug|Any CPU
		Release|Any CPU = Release|Any CPU
	EndGlobalSection
	GlobalSection(ProjectConfigurationPlatforms) = postSolution
		{83C66C44-A309-4729-0739-F01DB27DED13}.Debug|Any CPU.ActiveCfg = Debug|Any CPU
		{83C66C44-A309-4729-0739-F01DB27DED13}.Debug|Any CPU.Build.0 = Debug|Any CPU
		{83C66C44-A309-4729-0739-F01DB27DED13}.Release|Any CPU.ActiveCfg = Release|Any CPU
		{83C66C44-A309-4729-0739-F01DB27DED13}.Release|Any CPU.Build.0 = Release|Any CPU
	EndGlobalSection
	GlobalSection(SolutionProperties) = preSolution
		HideSolutionNode = FALSE
	EndGlobalSection
	GlobalSection(ExtensibilityGlobals) = postSolution
		SolutionGuid = {04EA568B-6BBA-44EA-87FE-3064E2F7CDAF}
	EndGlobalSection
EndGlobal
